
Microsoft Visual Studio Solution File, Format Version 12.00
# Visual Studio 2013
VisualStudioVersion = 12.0.31101.0
MinimumVisualStudioVersion = 10.0.40219.1
Project("{FAE04EC0-301F-11D3-BF4B-00C04F79EFBC}") = "WPFThreadingModel", "WPFThreadingModel\WPFThreadingModel.csproj", "{D889C50D-5E39-4B9D-87B2-BD06126E71CA}"
EndProject
Project("{FAE04EC0-301F-11D3-BF4B-00C04F79EFBC}") = "CancellationInManagedThreads", "CancellationInManagedThreads\CancellationInManagedThreads.csproj", "{BE69BB01-BA9E-4B17-9036-99C6B3DD2D35}"
EndProject
Project("{2150E333-8FDC-42A3-9474-1A3956D46DE8}") = "MultiThread", "MultiThread", "{A3EBBF77-BB2E-4489-8C68-00287B74723B}"
EndProject
Global
	GlobalSection(SolutionConfigurationPlatforms) = preSolution
		Debug|Any CPU = Debug|Any CPU
		Release|Any CPU = Release|Any CPU
	EndGlobalSection
	GlobalSection(ProjectConfigurationPlatforms) = postSolution
		{D889C50D-5E39-4B9D-87B2-BD06126E71CA}.Debug|Any CPU.ActiveCfg = Debug|Any CPU
		{D889C50D-5E39-4B9D-87B2-BD06126E71CA}.Debug|Any CPU.Build.0 = Debug|Any CPU
		{D889C50D-5E39-4B9D-87B2-BD06126E71CA}.Release|Any CPU.ActiveCfg = Release|Any CPU
		{D889C50D-5E39-4B9D-87B2-BD06126E71CA}.Release|Any CPU.Build.0 = Release|Any CPU
		{BE69BB01-BA9E-4B17-9036-99C6B3DD2D35}.Debug|Any CPU.ActiveCfg = Debug|Any CPU
		{BE69BB01-BA9E-4B17-9036-99C6B3DD2D35}.Debug|Any CPU.Build.0 = Debug|Any CPU
		{BE69BB01-BA9E-4B17-9036-99C6B3DD2D35}.Release|Any CPU.ActiveCfg = Release|Any CPU
		{BE69BB01-BA9E-4B17-9036-99C6B3DD2D35}.Release|Any CPU.Build.0 = Release|Any CPU
	EndGlobalSection
	GlobalSection(SolutionProperties) = preSolution
		HideSolutionNode = FALSE
	EndGlobalSection
	GlobalSection(NestedProjects) = preSolution
		{D889C50D-5E39-4B9D-87B2-BD06126E71CA} = {A3EBBF77-BB2E-4489-8C68-00287B74723B}
		{BE69BB01-BA9E-4B17-9036-99C6B3DD2D35} = {A3EBBF77-BB2E-4489-8C68-00287B74723B}
	EndGlobalSection
EndGlobal
